
Microsoft Visual Studio Solution File, Format Version 12.00
# Visual Studio Version 16
VisualStudioVersion = 16.0.33328.57
MinimumVisualStudioVersion = 10.0.40219.1
Project("{FAE04EC0-301F-11D3-BF4B-00C04F79EFBC}") = "TestYuvrajWithDatabase", "TestYuvrajWithDatabase.csproj", "{C4DB1C16-4E5E-4215-9A84-2E236A74DC63}"
EndProject
Global
	GlobalSection(SolutionConfigurationPlatforms) = preSolution
		Debug|Any CPU = Debug|Any CPU
		Release|Any CPU = Release|Any CPU
	EndGlobalSection
	GlobalSection(ProjectConfigurationPlatforms) = postSolution
		{C4DB1C16-4E5E-4215-9A84-2E236A74DC63}.Debug|Any CPU.ActiveCfg = Debug|Any CPU
		{C4DB1C16-4E5E-4215-9A84-2E236A74DC63}.Debug|Any CPU.Build.0 = Debug|Any CPU
		{C4DB1C16-4E5E-4215-9A84-2E236A74DC63}.Release|Any CPU.ActiveCfg = Release|Any CPU
		{C4DB1C16-4E5E-4215-9A84-2E236A74DC63}.Release|Any CPU.Build.0 = Release|Any CPU
	EndGlobalSection
	GlobalSection(SolutionProperties) = preSolution
		HideSolutionNode = FALSE
	EndGlobalSection
	GlobalSection(ExtensibilityGlobals) = postSolution
		SolutionGuid = {AF85B517-97FB-4EB4-AE52-BD9E85A90BBF}
	EndGlobalSection
EndGlobal
